
Microsoft Visual Studio Solution File, Format Version 12.00
# Visual Studio Version 16
VisualStudioVersion = 16.0.29926.136
MinimumVisualStudioVersion = 10.0.40219.1
Project("{8BC9CEB8-8B4A-11D0-8D11-00A0C91BC942}") = "客户端", "客户端.vcxproj", "{F875421C-B0B7-4A2F-A103-9107D78DF5C8}"
EndProject
Global
	GlobalSection(SolutionConfigurationPlatforms) = preSolution
		Debug|x64 = Debug|x64
		Debug|x86 = Debug|x86
		Release|x64 = Release|x64
		Release|x86 = Release|x86
	EndGlobalSection
	GlobalSection(ProjectConfigurationPlatforms) = postSolution
		{F875421C-B0B7-4A2F-A103-9107D78DF5C8}.Debug|x64.ActiveCfg = Debug|x64
		{F875421C-B0B7-4A2F-A103-9107D78DF5C8}.Debug|x64.Build.0 = Debug|x64
		{F875421C-B0B7-4A2F-A103-9107D78DF5C8}.Debug|x86.ActiveCfg = Debug|Win32
		{F875421C-B0B7-4A2F-A103-9107D78DF5C8}.Debug|x86.Build.0 = Debug|Win32
		{F875421C-B0B7-4A2F-A103-9107D78DF5C8}.Release|x64.ActiveCfg = Release|x64
		{F875421C-B0B7-4A2F-A103-9107D78DF5C8}.Release|x64.Build.0 = Release|x64
		{F875421C-B0B7-4A2F-A103-9107D78DF5C8}.Release|x86.ActiveCfg = Release|Win32
		{F875421C-B0B7-4A2F-A103-9107D78DF5C8}.Release|x86.Build.0 = Release|Win32
	EndGlobalSection
	GlobalSection(SolutionProperties) = preSolution
		HideSolutionNode = FALSE
	EndGlobalSection
	GlobalSection(ExtensibilityGlobals) = postSolution
		SolutionGuid = {3739E49B-F1F0-4A90-825F-BE933C4C16DE}
	EndGlobalSection
EndGlobal
